
Microsoft Visual Studio Solution File, Format Version 12.00
# Visual Studio Version 16
VisualStudioVersion = 16.0.31729.503
MinimumVisualStudioVersion = 10.0.40219.1
Project("{FAE04EC0-301F-11D3-BF4B-00C04F79EFBC}") = "LAB_7", "LAB_7.csproj", "{71A6D535-6EE2-43AB-B83A-01B122F928EF}"
EndProject
Global
	GlobalSection(SolutionConfigurationPlatforms) = preSolution
		Debug|Any CPU = Debug|Any CPU
		Release|Any CPU = Release|Any CPU
	EndGlobalSection
	GlobalSection(ProjectConfigurationPlatforms) = postSolution
		{71A6D535-6EE2-43AB-B83A-01B122F928EF}.Debug|Any CPU.ActiveCfg = Debug|Any CPU
		{71A6D535-6EE2-43AB-B83A-01B122F928EF}.Debug|Any CPU.Build.0 = Debug|Any CPU
		{71A6D535-6EE2-43AB-B83A-01B122F928EF}.Release|Any CPU.ActiveCfg = Release|Any CPU
		{71A6D535-6EE2-43AB-B83A-01B122F928EF}.Release|Any CPU.Build.0 = Release|Any CPU
	EndGlobalSection
	GlobalSection(SolutionProperties) = preSolution
		HideSolutionNode = FALSE
	EndGlobalSection
	GlobalSection(ExtensibilityGlobals) = postSolution
		SolutionGuid = {2830B991-C035-410B-9C20-BFF4BC0DF4CB}
	EndGlobalSection
EndGlobal
