
Microsoft Visual Studio Solution File, Format Version 12.00
# Visual Studio Version 16
VisualStudioVersion = 16.0.31829.152
MinimumVisualStudioVersion = 10.0.40219.1
Project("{9A19103F-16F7-4668-BE54-9A1E7A4F7556}") = "LAB_8", "LAB_8.csproj", "{3BA9DCD5-A901-445F-BF98-D443CFFDB979}"
EndProject
Global
	GlobalSection(SolutionConfigurationPlatforms) = preSolution
		Debug|Any CPU = Debug|Any CPU
		Release|Any CPU = Release|Any CPU
	EndGlobalSection
	GlobalSection(ProjectConfigurationPlatforms) = postSolution
		{3BA9DCD5-A901-445F-BF98-D443CFFDB979}.Debug|Any CPU.ActiveCfg = Debug|Any CPU
		{3BA9DCD5-A901-445F-BF98-D443CFFDB979}.Debug|Any CPU.Build.0 = Debug|Any CPU
		{3BA9DCD5-A901-445F-BF98-D443CFFDB979}.Release|Any CPU.ActiveCfg = Release|Any CPU
		{3BA9DCD5-A901-445F-BF98-D443CFFDB979}.Release|Any CPU.Build.0 = Release|Any CPU
	EndGlobalSection
	GlobalSection(SolutionProperties) = preSolution
		HideSolutionNode = FALSE
	EndGlobalSection
	GlobalSection(ExtensibilityGlobals) = postSolution
		SolutionGuid = {61F9AA10-B911-4804-9CBE-A0C8CBE9885F}
	EndGlobalSection
EndGlobal
